
Microsoft Visual Studio Solution File, Format Version 12.00
# Visual Studio Version 17
VisualStudioVersion = 17.3.32819.101
MinimumVisualStudioVersion = 10.0.40219.1
Project("{FAE04EC0-301F-11D3-BF4B-00C04F79EFBC}") = "prototipo nro 1", "prototipo nro 1\prototipo nro 1.csproj", "{FE028BAC-547E-43AC-8754-FB36723D2463}"
EndProject
Global
	GlobalSection(SolutionConfigurationPlatforms) = preSolution
		Debug|Any CPU = Debug|Any CPU
		Release|Any CPU = Release|Any CPU
	EndGlobalSection
	GlobalSection(ProjectConfigurationPlatforms) = postSolution
		{FE028BAC-547E-43AC-8754-FB36723D2463}.Debug|Any CPU.ActiveCfg = Debug|Any CPU
		{FE028BAC-547E-43AC-8754-FB36723D2463}.Debug|Any CPU.Build.0 = Debug|Any CPU
		{FE028BAC-547E-43AC-8754-FB36723D2463}.Release|Any CPU.ActiveCfg = Release|Any CPU
		{FE028BAC-547E-43AC-8754-FB36723D2463}.Release|Any CPU.Build.0 = Release|Any CPU
	EndGlobalSection
	GlobalSection(SolutionProperties) = preSolution
		HideSolutionNode = FALSE
	EndGlobalSection
	GlobalSection(ExtensibilityGlobals) = postSolution
		SolutionGuid = {8BB40DF4-62A2-439A-9B89-DF8AEA7E2770}
	EndGlobalSection
EndGlobal
